// !$*UTF8*$!
{
	archiveVersion = 1;
	classes = {
	};
	objectVersion = 48;
	objects = {

/* Begin PBXBuildFile section */
		EA19FCE5201C85C2000CBF3E /* AppDelegate.swift in Sources */ = {isa = PBXBuildFile; fileRef = EA19FCE4201C85C2000CBF3E /* AppDelegate.swift */; };
		EA19FCE7201C85C2000CBF3E /* ViewController.swift in Sources */ = {isa = PBXBuildFile; fileRef = EA19FCE6201C85C2000CBF3E /* ViewController.swift */; };
		EA19FCEA201C85C2000CBF3E /* Main.storyboard in Resources */ = {isa = PBXBuildFile; fileRef = EA19FCE8201C85C2000CBF3E /* Main.storyboard */; };
		EA19FCEC201C85C2000CBF3E /* Assets.xcassets in Resources */ = {isa = PBXBuildFile; fileRef = EA19FCEB201C85C2000CBF3E /* Assets.xcassets */; };
		EA19FCEF201C85C2000CBF3E /* LaunchScreen.storyboard in Resources */ = {isa = PBXBuildFile; fileRef = EA19FCED201C85C2000CBF3E /* LaunchScreen.storyboard */; };
		EA19FCF7201C864A000CBF3E /* ImageViewController.swift in Sources */ = {isa = PBXBuildFile; fileRef = EA19FCF6201C864A000CBF3E /* ImageViewController.swift */; };
		EA19FCF9201C8843000CBF3E /* smallDog1.jpg in Resources */ = {isa = PBXBuildFile; fileRef = EA19FCF8201C8843000CBF3E /* smallDog1.jpg */; };
		EA19FCFB201C8862000CBF3E /* smallDog2.jpg in Resources */ = {isa = PBXBuildFile; fileRef = EA19FCFA201C8862000CBF3E /* smallDog2.jpg */; };
		EA19FCFD201C886E000CBF3E /* smallDog3.jpg in Resources */ = {isa = PBXBuildFile; fileRef = EA19FCFC201C886D000CBF3E /* smallDog3.jpg */; };
/* End PBXBuildFile section */

/* Begin PBXFileReference section */
		EA19FCE1201C85C1000CBF3E /* SlideshowApp.app */ = {isa = PBXFileReference; explicitFileType = wrapper.application; includeInIndex = 0; path = SlideshowApp.app; sourceTree = BUILT_PRODUCTS_DIR; };
		EA19FCE4201C85C2000CBF3E /* AppDelegate.swift */ = {isa = PBXFileReference; lastKnownFileType = sourcecode.swift; path = AppDelegate.swift; sourceTree = "<group>"; };
		EA19FCE6201C85C2000CBF3E /* ViewController.swift */ = {isa = PBXFileReference; lastKnownFileType = sourcecode.swift; path = ViewController.swift; sourceTree = "<group>"; };
		EA19FCE9201C85C2000CBF3E /* Base */ = {isa = PBXFileReference; lastKnownFileType = file.storyboard; name = Base; path = Base.lproj/Main.storyboard; sourceTree = "<group>"; };
		EA19FCEB201C85C2000CBF3E /* Assets.xcassets */ = {isa = PBXFileReference; lastKnownFileType = folder.assetcatalog; path = Assets.xcassets; sourceTree = "<group>"; };
		EA19FCEE201C85C2000CBF3E /* Base */ = {isa = PBXFileReference; lastKnownFileType = file.storyboard; name = Base; path = Base.lproj/LaunchScreen.storyboard; sourceTree = "<group>"; };
		EA19FCF0201C85C2000CBF3E /* Info.plist */ = {isa = PBXFileReference; lastKnownFileType = text.plist.xml; path = Info.plist; sourceTree = "<group>"; };
		EA19FCF6201C864A000CBF3E /* ImageViewController.swift */ = {isa = PBXFileReference; lastKnownFileType = sourcecode.swift; path = ImageViewController.swift; sourceTree = "<group>"; };
		EA19FCF8201C8843000CBF3E /* smallDog1.jpg */ = {isa = PBXFileReference; lastKnownFileType = image.jpeg; path = smallDog1.jpg; sourceTree = "<group>"; };
		EA19FCFA201C8862000CBF3E /* smallDog2.jpg */ = {isa = PBXFileReference; lastKnownFileType = image.jpeg; path = smallDog2.jpg; sourceTree = "<group>"; };
		EA19FCFC201C886D000CBF3E /* smallDog3.jpg */ = {isa = PBXFileReference; lastKnownFileType = image.jpeg; path = smallDog3.jpg; sourceTree = "<group>"; };
/* End PBXFileReference section */

/* Begin PBXFrameworksBuildPhase section */
		EA19FCDE201C85C1000CBF3E /* Frameworks */ = {
			isa = PBXFrameworksBuildPhase;
			buildActionMask = 2147483647;
			files = (
			);
			runOnlyForDeploymentPostprocessing = 0;
		};
/* End PBXFrameworksBuildPhase section */

/* Begin PBXGroup section */
		EA19FCD8201C85C1000CBF3E = {
			isa = PBXGroup;
			children = (
				EA19FCE3201C85C1000CBF3E /* SlideshowApp */,
				EA19FCE2201C85C1000CBF3E /* Products */,
				EA19FCF8201C8843000CBF3E /* smallDog1.jpg */,
				EA19FCFA201C8862000CBF3E /* smallDog2.jpg */,
				EA19FCFC201C886D000CBF3E /* smallDog3.jpg */,
			);
			sourceTree = "<group>";
		};
		EA19FCE2201C85C1000CBF3E /* Products */ = {
			isa = PBXGroup;
			children = (
				EA19FCE1201C85C1000CBF3E /* SlideshowApp.app */,
			);
			name = Products;
			sourceTree = "<group>";
		};
		EA19FCE3201C85C1000CBF3E /* SlideshowApp */ = {
			isa = PBXGroup;
			children = (
				EA19FCE4201C85C2000CBF3E /* AppDelegate.swift */,
				EA19FCE6201C85C2000CBF3E /* ViewController.swift */,
				EA19FCE8201C85C2000CBF3E /* Main.storyboard */,
				EA19FCEB201C85C2000CBF3E /* Assets.xcassets */,
				EA19FCED201C85C2000CBF3E /* LaunchScreen.storyboard */,
				EA19FCF0201C85C2000CBF3E /* Info.plist */,
				EA19FCF6201C864A000CBF3E /* ImageViewController.swift */,
			);
			path = SlideshowApp;
			sourceTree = "<group>";
		};
/* End PBXGroup section */

/* Begin PBXNativeTarget section */
		EA19FCE0201C85C1000CBF3E /* SlideshowApp */ = {
			isa = PBXNativeTarget;
			buildConfigurationList = EA19FCF3201C85C2000CBF3E /* Build configuration list for PBXNativeTarget "SlideshowApp" */;
			buildPhases = (
				EA19FCDD201C85C1000CBF3E /* Sources */,
				EA19FCDE201C85C1000CBF3E /* Frameworks */,
				EA19FCDF201C85C1000CBF3E /* Resources */,
			);
			buildRules = (
			);
			dependencies = (
			);
			name = SlideshowApp;
			productName = SlideshowApp;
			productReference = EA19FCE1201C85C1000CBF3E /* SlideshowApp.app */;
			productType = "com.apple.product-type.application";
		};
/* End PBXNativeTarget section */

/* Begin PBXProject section */
		EA19FCD9201C85C1000CBF3E /* Project object */ = {
			isa = PBXProject;
			attributes = {
				LastSwiftUpdateCheck = 0920;
				LastUpgradeCheck = 0920;
				ORGANIZATIONNAME = "Fumitaka Hijino";
				TargetAttributes = {
					EA19FCE0201C85C1000CBF3E = {
						CreatedOnToolsVersion = 9.2;
						ProvisioningStyle = Automatic;
					};
				};
			};
			buildConfigurationList = EA19FCDC201C85C1000CBF3E /* Build configuration list for PBXProject "SlideshowApp" */;
			compatibilityVersion = "Xcode 8.0";
			developmentRegion = en;
			hasScannedForEncodings = 0;
			knownRegions = (
				en,
				Base,
			);
			mainGroup = EA19FCD8201C85C1000CBF3E;
			productRefGroup = EA19FCE2201C85C1000CBF3E /* Products */;
			projectDirPath = "";
			projectRoot = "";
			targets = (
				EA19FCE0201C85C1000CBF3E /* SlideshowApp */,
			);
		};
/* End PBXProject section */

/* Begin PBXResourcesBuildPhase section */
		EA19FCDF201C85C1000CBF3E /* Resources */ = {
			isa = PBXResourcesBuildPhase;
			buildActionMask = 2147483647;
			files = (
				EA19FCFD201C886E000CBF3E /* smallDog3.jpg in Resources */,
				EA19FCF9201C8843000CBF3E /* smallDog1.jpg in Resources */,
				EA19FCEF201C85C2000CBF3E /* LaunchScreen.storyboard in Resources */,
				EA19FCFB201C8862000CBF3E /* smallDog2.jpg in Resources */,
				EA19FCEC201C85C2000CBF3E /* Assets.xcassets in Resources */,
				EA19FCEA201C85C2000CBF3E /* Main.storyboard in Resources */,
			);
			runOnlyForDeploymentPostprocessing = 0;
		};
/* End PBXResourcesBuildPhase section */

/* Begin PBXSourcesBuildPhase section */
		EA19FCDD201C85C1000CBF3E /* Sources */ = {
			isa = PBXSourcesBuildPhase;
			buildActionMask = 2147483647;
			files = (
				EA19FCE7201C85C2000CBF3E /* ViewController.swift in Sources */,
				EA19FCF7201C864A000CBF3E /* ImageViewController.swift in Sources */,
				EA19FCE5201C85C2000CBF3E /* AppDelegate.swift in Sources */,
			);
			runOnlyForDeploymentPostprocessing = 0;
		};
/* End PBXSourcesBuildPhase section */

/* Begin PBXVariantGroup section */
		EA19FCE8201C85C2000CBF3E /* Main.storyboard */ = {
			isa = PBXVariantGroup;
			children = (
				EA19FCE9201C85C2000CBF3E /* Base */,
			);
			name = Main.storyboard;
			sourceTree = "<group>";
		};
		EA19FCED201C85C2000CBF3E /* LaunchScreen.storyboard */ = {
			isa = PBXVariantGroup;
			children = (
				EA19FCEE201C85C2000CBF3E /* Base */,
			);
			name = LaunchScreen.storyboard;
			sourceTree = "<group>";
		};
/* End PBXVariantGroup section */

/* Begin XCBuildConfiguration section */
		EA19FCF1201C85C2000CBF3E /* Debug */ = {
			isa = XCBuildConfiguration;
			buildSettings = {
				ALWAYS_SEARCH_USER_PATHS = NO;
				CLANG_ANALYZER_NONNULL = YES;
				CLANG_ANALYZER_NUMBER_OBJECT_CONVERSION = YES_AGGRESSIVE;
				CLANG_CXX_LANGUAGE_STANDARD = "gnu++14";
				CLANG_CXX_LIBRARY = "libc++";
				CLANG_ENABLE_MODULES = YES;
				CLANG_ENABLE_OBJC_ARC = YES;
				CLANG_WARN_BLOCK_CAPTURE_AUTORELEASING = YES;
				CLANG_WARN_BOOL_CONVERSION = YES;
				CLANG_WARN_COMMA = YES;
				CLANG_WARN_CONSTANT_CONVERSION = YES;
				CLANG_WARN_DIRECT_OBJC_ISA_USAGE = YES_ERROR;
				CLANG_WARN_DOCUMENTATION_COMMENTS = YES;
				CLANG_WARN_EMPTY_BODY = YES;
				CLANG_WARN_ENUM_CONVERSION = YES;
				CLANG_WARN_INFINITE_RECURSION = YES;
				CLANG_WARN_INT_CONVERSION = YES;
				CLANG_WARN_NON_LITERAL_NULL_CONVERSION = YES;
				CLANG_WARN_OBJC_LITERAL_CONVERSION = YES;
				CLANG_WARN_OBJC_ROOT_CLASS = YES_ERROR;
				CLANG_WARN_RANGE_LOOP_ANALYSIS = YES;
				CLANG_WARN_STRICT_PROTOTYPES = YES;
				CLANG_WARN_SUSPICIOUS_MOVE = YES;
				CLANG_WARN_UNGUARDED_AVAILABILITY = YES_AGGRESSIVE;
				CLANG_WARN_UNREACHABLE_CODE = YES;
				CLANG_WARN__DUPLICATE_METHOD_MATCH = YES;
				CODE_SIGN_IDENTITY = "iPhone Developer";
				COPY_PHASE_STRIP = NO;
				DEBUG_INFORMATION_FORMAT = dwarf;
				ENABLE_STRICT_OBJC_MSGSEND = YES;
				ENABLE_TESTABILITY = YES;
				GCC_C_LANGUAGE_STANDARD = gnu11;
				GCC_DYNAMIC_NO_PIC = NO;
				GCC_NO_COMMON_BLOCKS = YES;
				GCC_OPTIMIZATION_LEVEL = 0;
				GCC_PREPROCESSOR_DEFINITIONS = (
					"DEBUG=1",
					"$(inherited)",
				);
				GCC_WARN_64_TO_32_BIT_CONVERSION = YES;
				GCC_WARN_ABOUT_RETURN_TYPE = YES_ERROR;
				GCC_WARN_UNDECLARED_SELECTOR = YES;
				GCC_WARN_UNINITIALIZED_AUTOS = YES_AGGRESSIVE;
				GCC_WARN_UNUSED_FUNCTION = YES;
				GCC_WARN_UNUSED_VARIABLE = YES;
				IPHONEOS_DEPLOYMENT_TARGET = 11.2;
				MTL_ENABLE_DEBUG_INFO = YES;
				ONLY_ACTIVE_ARCH = YES;
				SDKROOT = iphoneos;
				SWIFT_ACTIVE_COMPILATION_CONDITIONS = DEBUG;
				SWIFT_OPTIMIZATION_LEVEL = "-Onone";
			};
			name = Debug;
		};
		EA19FCF2201C85C2000CBF3E /* Release */ = {
			isa = XCBuildConfiguration;
			buildSettings = {
				ALWAYS_SEARCH_USER_PATHS = NO;
				CLANG_ANALYZER_NONNULL = YES;
				CLANG_ANALYZER_NUMBER_OBJECT_CONVERSION = YES_AGGRESSIVE;
				CLANG_CXX_LANGUAGE_STANDARD = "gnu++14";
				CLANG_CXX_LIBRARY = "libc++";
				CLANG_ENABLE_MODULES = YES;
				CLANG_ENABLE_OBJC_ARC = YES;
				CLANG_WARN_BLOCK_CAPTURE_AUTORELEASING = YES;
				CLANG_WARN_BOOL_CONVERSION = YES;
				CLANG_WARN_COMMA = YES;
				CLANG_WARN_CONSTANT_CONVERSION = YES;
				CLANG_WARN_DIRECT_OBJC_ISA_USAGE = YES_ERROR;
				CLANG_WARN_DOCUMENTATION_COMMENTS = YES;
				CLANG_WARN_EMPTY_BODY = YES;
				CLANG_WARN_ENUM_CONVERSION = YES;
				CLANG_WARN_INFINITE_RECURSION = YES;
				CLANG_WARN_INT_CONVERSION = YES;
				CLANG_WARN_NON_LITERAL_NULL_CONVERSION = YES;
				CLANG_WARN_OBJC_LITERAL_CONVERSION = YES;
				CLANG_WARN_OBJC_ROOT_CLASS = YES_ERROR;
				CLANG_WARN_RANGE_LOOP_ANALYSIS = YES;
				CLANG_WARN_STRICT_PROTOTYPES = YES;
				CLANG_WARN_SUSPICIOUS_MOVE = YES;
				CLANG_WARN_UNGUARDED_AVAILABILITY = YES_AGGRESSIVE;
				CLANG_WARN_UNREACHABLE_CODE = YES;
				CLANG_WARN__DUPLICATE_METHOD_MATCH = YES;
				CODE_SIGN_IDENTITY = "iPhone Developer";
				COPY_PHASE_STRIP = NO;
				DEBUG_INFORMATION_FORMAT = "dwarf-with-dsym";
				ENABLE_NS_ASSERTIONS = NO;
				ENABLE_STRICT_OBJC_MSGSEND = YES;
				GCC_C_LANGUAGE_STANDARD = gnu11;
				GCC_NO_COMMON_BLOCKS = YES;
				GCC_WARN_64_TO_32_BIT_CONVERSION = YES;
				GCC_WARN_ABOUT_RETURN_TYPE = YES_ERROR;
				GCC_WARN_UNDECLARED_SELECTOR = YES;
				GCC_WARN_UNINITIALIZED_AUTOS = YES_AGGRESSIVE;
				GCC_WARN_UNUSED_FUNCTION = YES;
				GCC_WARN_UNUSED_VARIABLE = YES;
				IPHONEOS_DEPLOYMENT_TARGET = 11.2;
				MTL_ENABLE_DEBUG_INFO = NO;
				SDKROOT = iphoneos;
				SWIFT_OPTIMIZATION_LEVEL = "-Owholemodule";
				VALIDATE_PRODUCT = YES;
			};
			name = Release;
		};
		EA19FCF4201C85C2000CBF3E /* Debug */ = {
			isa = XCBuildConfiguration;
			buildSettings = {
				ASSETCATALOG_COMPILER_APPICON_NAME = AppIcon;
				CODE_SIGN_STYLE = Automatic;
				DEVELOPMENT_TEAM = 9W2NYYR9EJ;
				INFOPLIST_FILE = SlideshowApp/Info.plist;
				LD_RUNPATH_SEARCH_PATHS = "$(inherited) @executable_path/Frameworks";
				PRODUCT_BUNDLE_IDENTIFIER = jp.techacademy.fumitaka.hijino.SlideshowApp;
				PRODUCT_NAME = "$(TARGET_NAME)";
				SWIFT_VERSION = 4.0;
				TARGETED_DEVICE_FAMILY = "1,2";
			};
			name = Debug;
		};
		EA19FCF5201C85C2000CBF3E /* Release */ = {
			isa = XCBuildConfiguration;
			buildSettings = {
				ASSETCATALOG_COMPILER_APPICON_NAME = AppIcon;
				CODE_SIGN_STYLE = Automatic;
				DEVELOPMENT_TEAM = 9W2NYYR9EJ;
				INFOPLIST_FILE = SlideshowApp/Info.plist;
				LD_RUNPATH_SEARCH_PATHS = "$(inherited) @executable_path/Frameworks";
				PRODUCT_BUNDLE_IDENTIFIER = jp.techacademy.fumitaka.hijino.SlideshowApp;
				PRODUCT_NAME = "$(TARGET_NAME)";
				SWIFT_VERSION = 4.0;
				TARGETED_DEVICE_FAMILY = "1,2";
			};
			name = Release;
		};
/* End XCBuildConfiguration section */

/* Begin XCConfigurationList section */
		EA19FCDC201C85C1000CBF3E /* Build configuration list for PBXProject "SlideshowApp" */ = {
			isa = XCConfigurationList;
			buildConfigurations = (
				EA19FCF1201C85C2000CBF3E /* Debug */,
				EA19FCF2201C85C2000CBF3E /* Release */,
			);
			defaultConfigurationIsVisible = 0;
			defaultConfigurationName = Release;
		};
		EA19FCF3201C85C2000CBF3E /* Build configuration list for PBXNativeTarget "SlideshowApp" */ = {
			isa = XCConfigurationList;
			buildConfigurations = (
				EA19FCF4201C85C2000CBF3E /* Debug */,
				EA19FCF5201C85C2000CBF3E /* Release */,
			);
			defaultConfigurationIsVisible = 0;
			defaultConfigurationName = Release;
		};
/* End XCConfigurationList section */
	};
	rootObject = EA19FCD9201C85C1000CBF3E /* Project object */;
}
